{
    "_readme": [
        "This file locks the dependencies of your project to a known state",
        "Read more about it at https://getcomposer.org/doc/01-basic-usage.md#installing-dependencies",
        "This file is @generated automatically"
    ],
    "content-hash": "cbbf19dd6d4fd05847ccd34acb69a4a1",
    "packages": [
        {
            "name": "bissolli/validador-cpf-cnpj",
            "version": "v1.2",
            "source": {
                "type": "git",
                "url": "https://github.com/bissolli/validador-cpf-cnpj.git",
                "reference": "9ae383648473ea8b7040d766ced8aeb1a1cf3fc8"
            },
            "dist": {
                "type": "zip",
                "url": "https://api.github.com/repos/bissolli/validador-cpf-cnpj/zipball/9ae383648473ea8b7040d766ced8aeb1a1cf3fc8",
                "reference": "9ae383648473ea8b7040d766ced8aeb1a1cf3fc8",
                "shasum": ""
            },
            "require": {
                "php": ">=5.4"
            },
            "require-dev": {
                "phpunit/phpunit": "~4.0"
            },
            "type": "library",
            "autoload": {
                "psr-4": {
                    "Bissolli\\ValidadorCpfCnpj\\": "src/"
                }
            },
            "notification-url": "https://packagist.org/downloads/",
            "license": [
                "MIT"
            ],
            "authors": [
                {
                    "name": "Gustavo Bissolli",
                    "email": "gustavo.bissolli@gmail.com"
                }
            ],
            "description": "Classe em PHP para validação de CPF e CNPJ.",
            "homepage": "https://github.com/bissolli/validador-cpf-cnpj",
            "keywords": [
                "brasil",
                "cnpj",
                "cpf",
                "documento",
                "laravel",
                "validador"
            ],
            "time": "2018-08-14T09:13:34+00:00"
        },
        {
            "name": "fightbulc/easy_pdo",
            "version": "0.1.8",
            "source": {
                "type": "git",
                "url": "https://github.com/fightbulc/easy_pdo.git",
                "reference": "f6d3e3184ec48d6d337639d074d0d0a9f8d44410"
            },
            "dist": {
                "type": "zip",
                "url": "https://api.github.com/repos/fightbulc/easy_pdo/zipball/f6d3e3184ec48d6d337639d074d0d0a9f8d44410",
                "reference": "f6d3e3184ec48d6d337639d074d0d0a9f8d44410",
                "shasum": ""
            },
            "require": {
                "php": ">=5.3.3"
            },
            "type": "library",
            "autoload": {
                "classmap": [
                    "src/"
                ]
            },
            "notification-url": "https://packagist.org/downloads/",
            "license": [
                "BSD-2-Clause"
            ],
            "authors": [
                {
                    "name": "Tino Ehrich",
                    "email": "opensource@efides.com",
                    "role": "developer"
                },
                {
                    "name": "Rob Poyntz",
                    "email": "rob@digitalfinery.com.au"
                }
            ],
            "description": "PDO MySQL Library",
            "homepage": "https://github.com/fightbulc/easy_pdo",
            "keywords": [
                "db",
                "mysql",
                "pdo",
                "postgres",
                "sqlite"
            ],
            "time": "2013-03-04T02:30:35+00:00"
        },
        {
            "name": "simplon/db",
            "version": "1.2.10",
            "source": {
                "type": "git",
                "url": "https://github.com/fightbulc/simplon_db.git",
                "reference": "6f20f8931b313288877c07a731c2676b8b1a879b"
            },
            "dist": {
                "type": "zip",
                "url": "https://api.github.com/repos/fightbulc/simplon_db/zipball/6f20f8931b313288877c07a731c2676b8b1a879b",
                "reference": "6f20f8931b313288877c07a731c2676b8b1a879b",
                "shasum": ""
            },
            "require": {
                "fightbulc/easy_pdo": "0.1.*",
                "php": ">=5.4"
            },
            "suggest": {
                "ext-phpiredis": "*"
            },
            "type": "library",
            "autoload": {
                "psr-0": {
                    "Simplon\\Db": "src/"
                }
            },
            "notification-url": "https://packagist.org/downloads/",
            "license": [
                "MIT"
            ],
            "authors": [
                {
                    "name": "Tino Ehrich",
                    "email": "opensource@efides.com",
                    "role": "developer"
                }
            ],
            "description": "Simplon DB Libraries",
            "homepage": "https://github.com/fightbulc/simplon_db",
            "keywords": [
                "couchbase",
                "db",
                "memcached",
                "mysql",
                "pdo",
                "redis"
            ],
            "time": "2013-11-20T09:48:27+00:00"
        }
    ],
    "packages-dev": [],
    "aliases": [],
    "minimum-stability": "stable",
    "stability-flags": [],
    "prefer-stable": false,
    "prefer-lowest": false,
    "platform": {
        "ext-json": "*",
        "ext-simplexml": "*"
    },
    "platform-dev": []
}
